<?xml version="1.0" encoding="UTF-8" standalone="yes" ?>
<CodeBlocks_project_file>
	<FileVersion major="1" minor="6" />
	<Project>
		<Option title="FMODWrapper" />
		<Option pch_mode="2" />
		<Option compiler="gcc" />
		<Build>
			<Target title="Debug">
				<Option output="./FMODWrapper" prefix_auto="1" extension_auto="1" />
				<Option object_output="./" />
				<Option type="1" />
				<Option compiler="gcc" />
				<Compiler>
					<Add option="-g" />
				</Compiler>
			</Target>
			<Target title="Release">
				<Option output="./FMODWrapper" prefix_auto="1" extension_auto="1" />
				<Option object_output="./" />
				<Option type="1" />
				<Option compiler="gcc" />
				<Compiler>
					<Add option="-O2" />
				</Compiler>
				<Linker>
					<Add option="-s" />
				</Linker>
			</Target>
		</Build>
		<Compiler>
			<Add option="-Wall" />
		</Compiler>
		<Unit filename="DSP/DSPEffectEcho.cpp" />
		<Unit filename="DSP/DSPEffectEcho.h" />
		<Unit filename="DSP/IDSPEffect.cpp" />
		<Unit filename="DSP/IDSPEffect.h" />
		<Unit filename="FMODGlobals.h" />
		<Unit filename="GameAudio.h" />
		<Unit filename="Music/Music.cpp" />
		<Unit filename="Music/Music.h" />
		<Unit filename="Sound/Sound.cpp" />
		<Unit filename="Sound/Sound.h" />
		<Unit filename="Sound/Sound2D.cpp" />
		<Unit filename="Sound/Sound2D.h" />
		<Unit filename="Sound/Sound3D.cpp" />
		<Unit filename="Sound/Sound3D.h" />
		<Unit filename="Sound/SoundSample.cpp" />
		<Unit filename="Sound/SoundSample.h" />
		<Unit filename="Stream/Stream.cpp" />
		<Unit filename="Stream/Stream.h" />
		<Unit filename="Stream/Stream2D.cpp" />
		<Unit filename="Stream/Stream2D.h" />
		<Unit filename="Stream/Stream3D.cpp" />
		<Unit filename="Stream/Stream3D.h" />
		<Unit filename="System/AudioSystem.cpp" />
		<Unit filename="System/AudioSystem.h" />
		<Extensions>
			<code_completion />
			<envvars />
			<debugger />
			<lib_finder disable_auto="1" />
		</Extensions>
	</Project>
</CodeBlocks_project_file>
